
Microsoft Visual Studio Solution File, Format Version 12.00
# Visual Studio Version 17
VisualStudioVersion = 17.2.32630.192
MinimumVisualStudioVersion = 10.0.40219.1
Project("{9A19103F-16F7-4668-BE54-9A1E7A4F7556}") = "Team3MindApp", "Team3MindApp\Team3MindApp.csproj", "{A9BC7568-E45E-447F-A561-5FFA1EFB4920}"
EndProject
Global
	GlobalSection(SolutionConfigurationPlatforms) = preSolution
		Debug|Any CPU = Debug|Any CPU
		Release|Any CPU = Release|Any CPU
	EndGlobalSection
	GlobalSection(ProjectConfigurationPlatforms) = postSolution
		{A9BC7568-E45E-447F-A561-5FFA1EFB4920}.Debug|Any CPU.ActiveCfg = Debug|Any CPU
		{A9BC7568-E45E-447F-A561-5FFA1EFB4920}.Debug|Any CPU.Build.0 = Debug|Any CPU
		{A9BC7568-E45E-447F-A561-5FFA1EFB4920}.Release|Any CPU.ActiveCfg = Release|Any CPU
		{A9BC7568-E45E-447F-A561-5FFA1EFB4920}.Release|Any CPU.Build.0 = Release|Any CPU
	EndGlobalSection
	GlobalSection(SolutionProperties) = preSolution
		HideSolutionNode = FALSE
	EndGlobalSection
	GlobalSection(ExtensibilityGlobals) = postSolution
		SolutionGuid = {459FF9EE-77E3-4547-A873-04303A9AAB72}
	EndGlobalSection
EndGlobal
